// !$*UTF8*$!
{
	archiveVersion = 1;
	classes = {
	};
	objectVersion = 51;
	objects = {

/* Begin PBXBuildFile section */
		0A877F76BF89AA7EA4CA3E77 /* Pods_Mobills_Challenge.framework in Frameworks */ = {isa = PBXBuildFile; fileRef = BE696E29A194B73F5E069118 /* Pods_Mobills_Challenge.framework */; };
		A044BC38252DF30B00D85251 /* GoogleService-Info.plist in Resources */ = {isa = PBXBuildFile; fileRef = A044BC37252DF30B00D85251 /* GoogleService-Info.plist */; };
		A0537417252D311B00991CE1 /* AppDelegate.swift in Sources */ = {isa = PBXBuildFile; fileRef = A0537416252D311B00991CE1 /* AppDelegate.swift */; };
		A0537419252D311B00991CE1 /* SceneDelegate.swift in Sources */ = {isa = PBXBuildFile; fileRef = A0537418252D311B00991CE1 /* SceneDelegate.swift */; };
		A0537420252D311F00991CE1 /* Assets.xcassets in Resources */ = {isa = PBXBuildFile; fileRef = A053741F252D311F00991CE1 /* Assets.xcassets */; };
		A0537423252D312000991CE1 /* LaunchScreen.storyboard in Resources */ = {isa = PBXBuildFile; fileRef = A0537421252D312000991CE1 /* LaunchScreen.storyboard */; };
		A0537430252D31AB00991CE1 /* MainScreen.storyboard in Resources */ = {isa = PBXBuildFile; fileRef = A053742F252D31AB00991CE1 /* MainScreen.storyboard */; };
		A0537433252D31D200991CE1 /* MainScreenViewController.swift in Sources */ = {isa = PBXBuildFile; fileRef = A0537432252D31D200991CE1 /* MainScreenViewController.swift */; };
		A053743B252D404E00991CE1 /* TransactionsTableViewCell.swift in Sources */ = {isa = PBXBuildFile; fileRef = A053743A252D404E00991CE1 /* TransactionsTableViewCell.swift */; };
		A0537442252D71D200991CE1 /* RegisterTransaction.storyboard in Resources */ = {isa = PBXBuildFile; fileRef = A0537441252D71D200991CE1 /* RegisterTransaction.storyboard */; };
		A0537445252D71E700991CE1 /* RegisterTransactionViewController.swift in Sources */ = {isa = PBXBuildFile; fileRef = A0537444252D71E700991CE1 /* RegisterTransactionViewController.swift */; };
		A053744A252D8F5C00991CE1 /* TextFieldExtensions.swift in Sources */ = {isa = PBXBuildFile; fileRef = A0537449252D8F5C00991CE1 /* TextFieldExtensions.swift */; };
		A059D29E252E043300F571C9 /* FirestoreServices.swift in Sources */ = {isa = PBXBuildFile; fileRef = A059D29D252E043300F571C9 /* FirestoreServices.swift */; };
		A059D2A4252E05DE00F571C9 /* RegisterTransactionViewModel.swift in Sources */ = {isa = PBXBuildFile; fileRef = A059D2A3252E05DE00F571C9 /* RegisterTransactionViewModel.swift */; };
		A059D2A9252E0B1F00F571C9 /* User.swift in Sources */ = {isa = PBXBuildFile; fileRef = A059D2A8252E0B1F00F571C9 /* User.swift */; };
		A059D2AC252E115C00F571C9 /* Transaction.swift in Sources */ = {isa = PBXBuildFile; fileRef = A059D2AB252E115C00F571C9 /* Transaction.swift */; };
		A059D2AF252E180800F571C9 /* MainScreenViewModel.swift in Sources */ = {isa = PBXBuildFile; fileRef = A059D2AE252E180800F571C9 /* MainScreenViewModel.swift */; };
/* End PBXBuildFile section */

/* Begin PBXFileReference section */
		1D0E39DB9709B7BC935552E7 /* Pods-Mobills Challenge.debug.xcconfig */ = {isa = PBXFileReference; includeInIndex = 1; lastKnownFileType = text.xcconfig; name = "Pods-Mobills Challenge.debug.xcconfig"; path = "Target Support Files/Pods-Mobills Challenge/Pods-Mobills Challenge.debug.xcconfig"; sourceTree = "<group>"; };
		A044BC37252DF30B00D85251 /* GoogleService-Info.plist */ = {isa = PBXFileReference; fileEncoding = 4; lastKnownFileType = text.plist.xml; name = "GoogleService-Info.plist"; path = "../../../../Downloads/GoogleService-Info.plist"; sourceTree = "<group>"; };
		A0537413252D311B00991CE1 /* Mobills Challenge.app */ = {isa = PBXFileReference; explicitFileType = wrapper.application; includeInIndex = 0; path = "Mobills Challenge.app"; sourceTree = BUILT_PRODUCTS_DIR; };
		A0537416252D311B00991CE1 /* AppDelegate.swift */ = {isa = PBXFileReference; lastKnownFileType = sourcecode.swift; path = AppDelegate.swift; sourceTree = "<group>"; };
		A0537418252D311B00991CE1 /* SceneDelegate.swift */ = {isa = PBXFileReference; lastKnownFileType = sourcecode.swift; path = SceneDelegate.swift; sourceTree = "<group>"; };
		A053741F252D311F00991CE1 /* Assets.xcassets */ = {isa = PBXFileReference; lastKnownFileType = folder.assetcatalog; path = Assets.xcassets; sourceTree = "<group>"; };
		A0537422252D312000991CE1 /* Base */ = {isa = PBXFileReference; lastKnownFileType = file.storyboard; name = Base; path = Base.lproj/LaunchScreen.storyboard; sourceTree = "<group>"; };
		A0537424252D312000991CE1 /* Info.plist */ = {isa = PBXFileReference; lastKnownFileType = text.plist.xml; path = Info.plist; sourceTree = "<group>"; };
		A053742F252D31AB00991CE1 /* MainScreen.storyboard */ = {isa = PBXFileReference; lastKnownFileType = file.storyboard; path = MainScreen.storyboard; sourceTree = "<group>"; };
		A0537432252D31D200991CE1 /* MainScreenViewController.swift */ = {isa = PBXFileReference; lastKnownFileType = sourcecode.swift; path = MainScreenViewController.swift; sourceTree = "<group>"; };
		A053743A252D404E00991CE1 /* TransactionsTableViewCell.swift */ = {isa = PBXFileReference; lastKnownFileType = sourcecode.swift; path = TransactionsTableViewCell.swift; sourceTree = "<group>"; };
		A0537441252D71D200991CE1 /* RegisterTransaction.storyboard */ = {isa = PBXFileReference; lastKnownFileType = file.storyboard; path = RegisterTransaction.storyboard; sourceTree = "<group>"; };
		A0537444252D71E700991CE1 /* RegisterTransactionViewController.swift */ = {isa = PBXFileReference; lastKnownFileType = sourcecode.swift; path = RegisterTransactionViewController.swift; sourceTree = "<group>"; };
		A0537449252D8F5C00991CE1 /* TextFieldExtensions.swift */ = {isa = PBXFileReference; lastKnownFileType = sourcecode.swift; path = TextFieldExtensions.swift; sourceTree = "<group>"; };
		A059D29D252E043300F571C9 /* FirestoreServices.swift */ = {isa = PBXFileReference; lastKnownFileType = sourcecode.swift; path = FirestoreServices.swift; sourceTree = "<group>"; };
		A059D2A3252E05DE00F571C9 /* RegisterTransactionViewModel.swift */ = {isa = PBXFileReference; lastKnownFileType = sourcecode.swift; path = RegisterTransactionViewModel.swift; sourceTree = "<group>"; };
		A059D2A8252E0B1F00F571C9 /* User.swift */ = {isa = PBXFileReference; lastKnownFileType = sourcecode.swift; path = User.swift; sourceTree = "<group>"; };
		A059D2AB252E115C00F571C9 /* Transaction.swift */ = {isa = PBXFileReference; lastKnownFileType = sourcecode.swift; path = Transaction.swift; sourceTree = "<group>"; };
		A059D2AE252E180800F571C9 /* MainScreenViewModel.swift */ = {isa = PBXFileReference; lastKnownFileType = sourcecode.swift; path = MainScreenViewModel.swift; sourceTree = "<group>"; };
		BE696E29A194B73F5E069118 /* Pods_Mobills_Challenge.framework */ = {isa = PBXFileReference; explicitFileType = wrapper.framework; includeInIndex = 0; path = Pods_Mobills_Challenge.framework; sourceTree = BUILT_PRODUCTS_DIR; };
		EC19AE78A71EEA3E2E5AB94A /* Pods-Mobills Challenge.release.xcconfig */ = {isa = PBXFileReference; includeInIndex = 1; lastKnownFileType = text.xcconfig; name = "Pods-Mobills Challenge.release.xcconfig"; path = "Target Support Files/Pods-Mobills Challenge/Pods-Mobills Challenge.release.xcconfig"; sourceTree = "<group>"; };
/* End PBXFileReference section */

/* Begin PBXFrameworksBuildPhase section */
		A0537410252D311A00991CE1 /* Frameworks */ = {
			isa = PBXFrameworksBuildPhase;
			buildActionMask = 2147483647;
			files = (
				0A877F76BF89AA7EA4CA3E77 /* Pods_Mobills_Challenge.framework in Frameworks */,
			);
			runOnlyForDeploymentPostprocessing = 0;
		};
/* End PBXFrameworksBuildPhase section */

/* Begin PBXGroup section */
		430B85ADD506C25C27CBC8CF /* Pods */ = {
			isa = PBXGroup;
			children = (
				1D0E39DB9709B7BC935552E7 /* Pods-Mobills Challenge.debug.xcconfig */,
				EC19AE78A71EEA3E2E5AB94A /* Pods-Mobills Challenge.release.xcconfig */,
			);
			path = Pods;
			sourceTree = "<group>";
		};
		A053740A252D311A00991CE1 = {
			isa = PBXGroup;
			children = (
				A0537415252D311B00991CE1 /* Mobills Challenge */,
				A0537414252D311B00991CE1 /* Products */,
				430B85ADD506C25C27CBC8CF /* Pods */,
				D636785A593153DB114DAE17 /* Frameworks */,
			);
			sourceTree = "<group>";
		};
		A0537414252D311B00991CE1 /* Products */ = {
			isa = PBXGroup;
			children = (
				A0537413252D311B00991CE1 /* Mobills Challenge.app */,
			);
			name = Products;
			sourceTree = "<group>";
		};
		A0537415252D311B00991CE1 /* Mobills Challenge */ = {
			isa = PBXGroup;
			children = (
				A059D2A7252E0B1300F571C9 /* Model */,
				A059D2A1252E05AD00F571C9 /* ViewModels */,
				A0537439252D402A00991CE1 /* Utils */,
				A053742D252D318300991CE1 /* Views */,
				A0537416252D311B00991CE1 /* AppDelegate.swift */,
				A0537418252D311B00991CE1 /* SceneDelegate.swift */,
				A053741F252D311F00991CE1 /* Assets.xcassets */,
				A0537424252D312000991CE1 /* Info.plist */,
				A044BC37252DF30B00D85251 /* GoogleService-Info.plist */,
			);
			path = "Mobills Challenge";
			sourceTree = "<group>";
		};
		A053742D252D318300991CE1 /* Views */ = {
			isa = PBXGroup;
			children = (
				A0537421252D312000991CE1 /* LaunchScreen.storyboard */,
				A0537440252D71AD00991CE1 /* RegisterTransactions */,
				A053742E252D318E00991CE1 /* MainScreen */,
			);
			path = Views;
			sourceTree = "<group>";
		};
		A053742E252D318E00991CE1 /* MainScreen */ = {
			isa = PBXGroup;
			children = (
				A053742F252D31AB00991CE1 /* MainScreen.storyboard */,
				A0537432252D31D200991CE1 /* MainScreenViewController.swift */,
			);
			path = MainScreen;
			sourceTree = "<group>";
		};
		A0537439252D402A00991CE1 /* Utils */ = {
			isa = PBXGroup;
			children = (
				A059D29C252E041900F571C9 /* FirebaseServices */,
				A0537448252D8F4200991CE1 /* UIKit Extensions */,
				A053743E252D406B00991CE1 /* TableViewCells */,
			);
			path = Utils;
			sourceTree = "<group>";
		};
		A053743E252D406B00991CE1 /* TableViewCells */ = {
			isa = PBXGroup;
			children = (
				A053743A252D404E00991CE1 /* TransactionsTableViewCell.swift */,
			);
			path = TableViewCells;
			sourceTree = "<group>";
		};
		A0537440252D71AD00991CE1 /* RegisterTransactions */ = {
			isa = PBXGroup;
			children = (
				A0537441252D71D200991CE1 /* RegisterTransaction.storyboard */,
				A0537444252D71E700991CE1 /* RegisterTransactionViewController.swift */,
			);
			path = RegisterTransactions;
			sourceTree = "<group>";
		};
		A0537448252D8F4200991CE1 /* UIKit Extensions */ = {
			isa = PBXGroup;
			children = (
				A0537449252D8F5C00991CE1 /* TextFieldExtensions.swift */,
			);
			path = "UIKit Extensions";
			sourceTree = "<group>";
		};
		A059D29C252E041900F571C9 /* FirebaseServices */ = {
			isa = PBXGroup;
			children = (
				A059D29D252E043300F571C9 /* FirestoreServices.swift */,
			);
			path = FirebaseServices;
			sourceTree = "<group>";
		};
		A059D2A1252E05AD00F571C9 /* ViewModels */ = {
			isa = PBXGroup;
			children = (
				A059D2A3252E05DE00F571C9 /* RegisterTransactionViewModel.swift */,
				A059D2AE252E180800F571C9 /* MainScreenViewModel.swift */,
			);
			path = ViewModels;
			sourceTree = "<group>";
		};
		A059D2A7252E0B1300F571C9 /* Model */ = {
			isa = PBXGroup;
			children = (
				A059D2A8252E0B1F00F571C9 /* User.swift */,
				A059D2AB252E115C00F571C9 /* Transaction.swift */,
			);
			path = Model;
			sourceTree = "<group>";
		};
		D636785A593153DB114DAE17 /* Frameworks */ = {
			isa = PBXGroup;
			children = (
				BE696E29A194B73F5E069118 /* Pods_Mobills_Challenge.framework */,
			);
			name = Frameworks;
			sourceTree = "<group>";
		};
/* End PBXGroup section */

/* Begin PBXNativeTarget section */
		A0537412252D311A00991CE1 /* Mobills Challenge */ = {
			isa = PBXNativeTarget;
			buildConfigurationList = A0537427252D312000991CE1 /* Build configuration list for PBXNativeTarget "Mobills Challenge" */;
			buildPhases = (
				8AFCAA0183EBF7354F61D6BD /* [CP] Check Pods Manifest.lock */,
				A053740F252D311A00991CE1 /* Sources */,
				A0537410252D311A00991CE1 /* Frameworks */,
				A0537411252D311A00991CE1 /* Resources */,
				7BAAB0CC867105DB117038FE /* [CP] Embed Pods Frameworks */,
			);
			buildRules = (
			);
			dependencies = (
			);
			name = "Mobills Challenge";
			productName = "Mobills Challenge";
			productReference = A0537413252D311B00991CE1 /* Mobills Challenge.app */;
			productType = "com.apple.product-type.application";
		};
/* End PBXNativeTarget section */

/* Begin PBXProject section */
		A053740B252D311A00991CE1 /* Project object */ = {
			isa = PBXProject;
			attributes = {
				LastSwiftUpdateCheck = 1200;
				LastUpgradeCheck = 1200;
				TargetAttributes = {
					A0537412252D311A00991CE1 = {
						CreatedOnToolsVersion = 12.0.1;
					};
				};
			};
			buildConfigurationList = A053740E252D311A00991CE1 /* Build configuration list for PBXProject "Mobills Challenge" */;
			compatibilityVersion = "Xcode 9.3";
			developmentRegion = en;
			hasScannedForEncodings = 0;
			knownRegions = (
				en,
				Base,
			);
			mainGroup = A053740A252D311A00991CE1;
			productRefGroup = A0537414252D311B00991CE1 /* Products */;
			projectDirPath = "";
			projectRoot = "";
			targets = (
				A0537412252D311A00991CE1 /* Mobills Challenge */,
			);
		};
/* End PBXProject section */

/* Begin PBXResourcesBuildPhase section */
		A0537411252D311A00991CE1 /* Resources */ = {
			isa = PBXResourcesBuildPhase;
			buildActionMask = 2147483647;
			files = (
				A0537442252D71D200991CE1 /* RegisterTransaction.storyboard in Resources */,
				A0537423252D312000991CE1 /* LaunchScreen.storyboard in Resources */,
				A044BC38252DF30B00D85251 /* GoogleService-Info.plist in Resources */,
				A0537420252D311F00991CE1 /* Assets.xcassets in Resources */,
				A0537430252D31AB00991CE1 /* MainScreen.storyboard in Resources */,
			);
			runOnlyForDeploymentPostprocessing = 0;
		};
/* End PBXResourcesBuildPhase section */

/* Begin PBXShellScriptBuildPhase section */
		7BAAB0CC867105DB117038FE /* [CP] Embed Pods Frameworks */ = {
			isa = PBXShellScriptBuildPhase;
			buildActionMask = 2147483647;
			files = (
			);
			inputFileListPaths = (
				"${PODS_ROOT}/Target Support Files/Pods-Mobills Challenge/Pods-Mobills Challenge-frameworks-${CONFIGURATION}-input-files.xcfilelist",
			);
			name = "[CP] Embed Pods Frameworks";
			outputFileListPaths = (
				"${PODS_ROOT}/Target Support Files/Pods-Mobills Challenge/Pods-Mobills Challenge-frameworks-${CONFIGURATION}-output-files.xcfilelist",
			);
			runOnlyForDeploymentPostprocessing = 0;
			shellPath = /bin/sh;
			shellScript = "\"${PODS_ROOT}/Target Support Files/Pods-Mobills Challenge/Pods-Mobills Challenge-frameworks.sh\"\n";
			showEnvVarsInLog = 0;
		};
		8AFCAA0183EBF7354F61D6BD /* [CP] Check Pods Manifest.lock */ = {
			isa = PBXShellScriptBuildPhase;
			buildActionMask = 2147483647;
			files = (
			);
			inputFileListPaths = (
			);
			inputPaths = (
				"${PODS_PODFILE_DIR_PATH}/Podfile.lock",
				"${PODS_ROOT}/Manifest.lock",
			);
			name = "[CP] Check Pods Manifest.lock";
			outputFileListPaths = (
			);
			outputPaths = (
				"$(DERIVED_FILE_DIR)/Pods-Mobills Challenge-checkManifestLockResult.txt",
			);
			runOnlyForDeploymentPostprocessing = 0;
			shellPath = /bin/sh;
			shellScript = "diff \"${PODS_PODFILE_DIR_PATH}/Podfile.lock\" \"${PODS_ROOT}/Manifest.lock\" > /dev/null\nif [ $? != 0 ] ; then\n    # print error to STDERR\n    echo \"error: The sandbox is not in sync with the Podfile.lock. Run 'pod install' or update your CocoaPods installation.\" >&2\n    exit 1\nfi\n# This output is used by Xcode 'outputs' to avoid re-running this script phase.\necho \"SUCCESS\" > \"${SCRIPT_OUTPUT_FILE_0}\"\n";
			showEnvVarsInLog = 0;
		};
/* End PBXShellScriptBuildPhase section */

/* Begin PBXSourcesBuildPhase section */
		A053740F252D311A00991CE1 /* Sources */ = {
			isa = PBXSourcesBuildPhase;
			buildActionMask = 2147483647;
			files = (
				A0537445252D71E700991CE1 /* RegisterTransactionViewController.swift in Sources */,
				A059D2AF252E180800F571C9 /* MainScreenViewModel.swift in Sources */,
				A053744A252D8F5C00991CE1 /* TextFieldExtensions.swift in Sources */,
				A0537417252D311B00991CE1 /* AppDelegate.swift in Sources */,
				A0537419252D311B00991CE1 /* SceneDelegate.swift in Sources */,
				A059D2AC252E115C00F571C9 /* Transaction.swift in Sources */,
				A059D2A4252E05DE00F571C9 /* RegisterTransactionViewModel.swift in Sources */,
				A059D2A9252E0B1F00F571C9 /* User.swift in Sources */,
				A053743B252D404E00991CE1 /* TransactionsTableViewCell.swift in Sources */,
				A059D29E252E043300F571C9 /* FirestoreServices.swift in Sources */,
				A0537433252D31D200991CE1 /* MainScreenViewController.swift in Sources */,
			);
			runOnlyForDeploymentPostprocessing = 0;
		};
/* End PBXSourcesBuildPhase section */

/* Begin PBXVariantGroup section */
		A0537421252D312000991CE1 /* LaunchScreen.storyboard */ = {
			isa = PBXVariantGroup;
			children = (
				A0537422252D312000991CE1 /* Base */,
			);
			name = LaunchScreen.storyboard;
			sourceTree = "<group>";
		};
/* End PBXVariantGroup section */

/* Begin XCBuildConfiguration section */
		A0537425252D312000991CE1 /* Debug */ = {
			isa = XCBuildConfiguration;
			buildSettings = {
				ALWAYS_SEARCH_USER_PATHS = NO;
				CLANG_ANALYZER_NONNULL = YES;
				CLANG_ANALYZER_NUMBER_OBJECT_CONVERSION = YES_AGGRESSIVE;
				CLANG_CXX_LANGUAGE_STANDARD = "gnu++14";
				CLANG_CXX_LIBRARY = "libc++";
				CLANG_ENABLE_MODULES = YES;
				CLANG_ENABLE_OBJC_ARC = YES;
				CLANG_ENABLE_OBJC_WEAK = YES;
				CLANG_WARN_BLOCK_CAPTURE_AUTORELEASING = YES;
				CLANG_WARN_BOOL_CONVERSION = YES;
				CLANG_WARN_COMMA = YES;
				CLANG_WARN_CONSTANT_CONVERSION = YES;
				CLANG_WARN_DEPRECATED_OBJC_IMPLEMENTATIONS = YES;
				CLANG_WARN_DIRECT_OBJC_ISA_USAGE = YES_ERROR;
				CLANG_WARN_DOCUMENTATION_COMMENTS = YES;
				CLANG_WARN_EMPTY_BODY = YES;
				CLANG_WARN_ENUM_CONVERSION = YES;
				CLANG_WARN_INFINITE_RECURSION = YES;
				CLANG_WARN_INT_CONVERSION = YES;
				CLANG_WARN_NON_LITERAL_NULL_CONVERSION = YES;
				CLANG_WARN_OBJC_IMPLICIT_RETAIN_SELF = YES;
				CLANG_WARN_OBJC_LITERAL_CONVERSION = YES;
				CLANG_WARN_OBJC_ROOT_CLASS = YES_ERROR;
				CLANG_WARN_QUOTED_INCLUDE_IN_FRAMEWORK_HEADER = YES;
				CLANG_WARN_RANGE_LOOP_ANALYSIS = YES;
				CLANG_WARN_STRICT_PROTOTYPES = YES;
				CLANG_WARN_SUSPICIOUS_MOVE = YES;
				CLANG_WARN_UNGUARDED_AVAILABILITY = YES_AGGRESSIVE;
				CLANG_WARN_UNREACHABLE_CODE = YES;
				CLANG_WARN__DUPLICATE_METHOD_MATCH = YES;
				COPY_PHASE_STRIP = NO;
				DEBUG_INFORMATION_FORMAT = dwarf;
				ENABLE_STRICT_OBJC_MSGSEND = YES;
				ENABLE_TESTABILITY = YES;
				GCC_C_LANGUAGE_STANDARD = gnu11;
				GCC_DYNAMIC_NO_PIC = NO;
				GCC_NO_COMMON_BLOCKS = YES;
				GCC_OPTIMIZATION_LEVEL = 0;
				GCC_PREPROCESSOR_DEFINITIONS = (
					"DEBUG=1",
					"$(inherited)",
				);
				GCC_WARN_64_TO_32_BIT_CONVERSION = YES;
				GCC_WARN_ABOUT_RETURN_TYPE = YES_ERROR;
				GCC_WARN_UNDECLARED_SELECTOR = YES;
				GCC_WARN_UNINITIALIZED_AUTOS = YES_AGGRESSIVE;
				GCC_WARN_UNUSED_FUNCTION = YES;
				GCC_WARN_UNUSED_VARIABLE = YES;
				IPHONEOS_DEPLOYMENT_TARGET = 14.0;
				MTL_ENABLE_DEBUG_INFO = INCLUDE_SOURCE;
				MTL_FAST_MATH = YES;
				ONLY_ACTIVE_ARCH = YES;
				SDKROOT = iphoneos;
				SWIFT_ACTIVE_COMPILATION_CONDITIONS = DEBUG;
				SWIFT_OPTIMIZATION_LEVEL = "-Onone";
			};
			name = Debug;
		};
		A0537426252D312000991CE1 /* Release */ = {
			isa = XCBuildConfiguration;
			buildSettings = {
				ALWAYS_SEARCH_USER_PATHS = NO;
				CLANG_ANALYZER_NONNULL = YES;
				CLANG_ANALYZER_NUMBER_OBJECT_CONVERSION = YES_AGGRESSIVE;
				CLANG_CXX_LANGUAGE_STANDARD = "gnu++14";
				CLANG_CXX_LIBRARY = "libc++";
				CLANG_ENABLE_MODULES = YES;
				CLANG_ENABLE_OBJC_ARC = YES;
				CLANG_ENABLE_OBJC_WEAK = YES;
				CLANG_WARN_BLOCK_CAPTURE_AUTORELEASING = YES;
				CLANG_WARN_BOOL_CONVERSION = YES;
				CLANG_WARN_COMMA = YES;
				CLANG_WARN_CONSTANT_CONVERSION = YES;
				CLANG_WARN_DEPRECATED_OBJC_IMPLEMENTATIONS = YES;
				CLANG_WARN_DIRECT_OBJC_ISA_USAGE = YES_ERROR;
				CLANG_WARN_DOCUMENTATION_COMMENTS = YES;
				CLANG_WARN_EMPTY_BODY = YES;
				CLANG_WARN_ENUM_CONVERSION = YES;
				CLANG_WARN_INFINITE_RECURSION = YES;
				CLANG_WARN_INT_CONVERSION = YES;
				CLANG_WARN_NON_LITERAL_NULL_CONVERSION = YES;
				CLANG_WARN_OBJC_IMPLICIT_RETAIN_SELF = YES;
				CLANG_WARN_OBJC_LITERAL_CONVERSION = YES;
				CLANG_WARN_OBJC_ROOT_CLASS = YES_ERROR;
				CLANG_WARN_QUOTED_INCLUDE_IN_FRAMEWORK_HEADER = YES;
				CLANG_WARN_RANGE_LOOP_ANALYSIS = YES;
				CLANG_WARN_STRICT_PROTOTYPES = YES;
				CLANG_WARN_SUSPICIOUS_MOVE = YES;
				CLANG_WARN_UNGUARDED_AVAILABILITY = YES_AGGRESSIVE;
				CLANG_WARN_UNREACHABLE_CODE = YES;
				CLANG_WARN__DUPLICATE_METHOD_MATCH = YES;
				COPY_PHASE_STRIP = NO;
				DEBUG_INFORMATION_FORMAT = "dwarf-with-dsym";
				ENABLE_NS_ASSERTIONS = NO;
				ENABLE_STRICT_OBJC_MSGSEND = YES;
				GCC_C_LANGUAGE_STANDARD = gnu11;
				GCC_NO_COMMON_BLOCKS = YES;
				GCC_WARN_64_TO_32_BIT_CONVERSION = YES;
				GCC_WARN_ABOUT_RETURN_TYPE = YES_ERROR;
				GCC_WARN_UNDECLARED_SELECTOR = YES;
				GCC_WARN_UNINITIALIZED_AUTOS = YES_AGGRESSIVE;
				GCC_WARN_UNUSED_FUNCTION = YES;
				GCC_WARN_UNUSED_VARIABLE = YES;
				IPHONEOS_DEPLOYMENT_TARGET = 14.0;
				MTL_ENABLE_DEBUG_INFO = NO;
				MTL_FAST_MATH = YES;
				SDKROOT = iphoneos;
				SWIFT_COMPILATION_MODE = wholemodule;
				SWIFT_OPTIMIZATION_LEVEL = "-O";
				VALIDATE_PRODUCT = YES;
			};
			name = Release;
		};
		A0537428252D312000991CE1 /* Debug */ = {
			isa = XCBuildConfiguration;
			baseConfigurationReference = 1D0E39DB9709B7BC935552E7 /* Pods-Mobills Challenge.debug.xcconfig */;
			buildSettings = {
				ASSETCATALOG_COMPILER_APPICON_NAME = AppIcon;
				ASSETCATALOG_COMPILER_GLOBAL_ACCENT_COLOR_NAME = AccentColor;
				CODE_SIGN_STYLE = Automatic;
				INFOPLIST_FILE = "Mobills Challenge/Info.plist";
				LD_RUNPATH_SEARCH_PATHS = (
					"$(inherited)",
					"@executable_path/Frameworks",
				);
				PRODUCT_BUNDLE_IDENTIFIER = "MouraYuri.Mobills-Challenge";
				PRODUCT_NAME = "$(TARGET_NAME)";
				SWIFT_VERSION = 5.0;
				TARGETED_DEVICE_FAMILY = 1;
			};
			name = Debug;
		};
		A0537429252D312000991CE1 /* Release */ = {
			isa = XCBuildConfiguration;
			baseConfigurationReference = EC19AE78A71EEA3E2E5AB94A /* Pods-Mobills Challenge.release.xcconfig */;
			buildSettings = {
				ASSETCATALOG_COMPILER_APPICON_NAME = AppIcon;
				ASSETCATALOG_COMPILER_GLOBAL_ACCENT_COLOR_NAME = AccentColor;
				CODE_SIGN_STYLE = Automatic;
				INFOPLIST_FILE = "Mobills Challenge/Info.plist";
				LD_RUNPATH_SEARCH_PATHS = (
					"$(inherited)",
					"@executable_path/Frameworks",
				);
				PRODUCT_BUNDLE_IDENTIFIER = "MouraYuri.Mobills-Challenge";
				PRODUCT_NAME = "$(TARGET_NAME)";
				SWIFT_VERSION = 5.0;
				TARGETED_DEVICE_FAMILY = 1;
			};
			name = Release;
		};
/* End XCBuildConfiguration section */

/* Begin XCConfigurationList section */
		A053740E252D311A00991CE1 /* Build configuration list for PBXProject "Mobills Challenge" */ = {
			isa = XCConfigurationList;
			buildConfigurations = (
				A0537425252D312000991CE1 /* Debug */,
				A0537426252D312000991CE1 /* Release */,
			);
			defaultConfigurationIsVisible = 0;
			defaultConfigurationName = Release;
		};
		A0537427252D312000991CE1 /* Build configuration list for PBXNativeTarget "Mobills Challenge" */ = {
			isa = XCConfigurationList;
			buildConfigurations = (
				A0537428252D312000991CE1 /* Debug */,
				A0537429252D312000991CE1 /* Release */,
			);
			defaultConfigurationIsVisible = 0;
			defaultConfigurationName = Release;
		};
/* End XCConfigurationList section */
	};
	rootObject = A053740B252D311A00991CE1 /* Project object */;
}
